
Microsoft Visual Studio Solution File, Format Version 12.00
# Visual Studio 15
VisualStudioVersion = 15.0.27130.2003
MinimumVisualStudioVersion = 10.0.40219.1
Project("{151D2E53-A2C4-4D7D-83FE-D05416EBD58E}") = "Rg", "Rg\Rg.deployproj", "{8621FF8B-2F5A-47B2-8102-45BC9343A813}"
EndProject
Project("{FAE04EC0-301F-11D3-BF4B-00C04F79EFBC}") = "Cmdlets", "Cmdlets\Cmdlets.csproj", "{2C7CF206-B4DD-4792-A8AF-1A2833264707}"
EndProject
Global
	GlobalSection(SolutionConfigurationPlatforms) = preSolution
		Debug|Any CPU = Debug|Any CPU
		Release|Any CPU = Release|Any CPU
	EndGlobalSection
	GlobalSection(ProjectConfigurationPlatforms) = postSolution
		{8621FF8B-2F5A-47B2-8102-45BC9343A813}.Debug|Any CPU.ActiveCfg = Debug|Any CPU
		{8621FF8B-2F5A-47B2-8102-45BC9343A813}.Debug|Any CPU.Build.0 = Debug|Any CPU
		{8621FF8B-2F5A-47B2-8102-45BC9343A813}.Release|Any CPU.ActiveCfg = Release|Any CPU
		{8621FF8B-2F5A-47B2-8102-45BC9343A813}.Release|Any CPU.Build.0 = Release|Any CPU
		{2C7CF206-B4DD-4792-A8AF-1A2833264707}.Debug|Any CPU.ActiveCfg = Debug|Any CPU
		{2C7CF206-B4DD-4792-A8AF-1A2833264707}.Debug|Any CPU.Build.0 = Debug|Any CPU
		{2C7CF206-B4DD-4792-A8AF-1A2833264707}.Release|Any CPU.ActiveCfg = Release|Any CPU
		{2C7CF206-B4DD-4792-A8AF-1A2833264707}.Release|Any CPU.Build.0 = Release|Any CPU
	EndGlobalSection
	GlobalSection(SolutionProperties) = preSolution
		HideSolutionNode = FALSE
	EndGlobalSection
	GlobalSection(ExtensibilityGlobals) = postSolution
		SolutionGuid = {1F862892-C00F-4979-83A7-E259F8492F2B}
	EndGlobalSection
EndGlobal
